
Microsoft Visual Studio Solution File, Format Version 12.00
# Visual Studio Version 17
VisualStudioVersion = 17.2.32630.192
MinimumVisualStudioVersion = 10.0.40219.1
Project("{9A19103F-16F7-4668-BE54-9A1E7A4F7556}") = "Server", "..\Server\Server.csproj", "{458E2DC2-F48F-40E3-9096-55FE974D3B1F}"
EndProject
Project("{9A19103F-16F7-4668-BE54-9A1E7A4F7556}") = "Client", "..\Client\Client.csproj", "{03436778-753E-44AF-B0ED-D498C8CA86FE}"
EndProject
Project("{2150E333-8FDC-42A3-9474-1A3956D46DE8}") = "Solution Items", "Solution Items", "{10B7ABCA-C65B-47EA-AD02-30F89FF59ADE}"
	ProjectSection(SolutionItems) = preProject
		..\..\.github\workflows\CleanWorkflows.yml = ..\..\.github\workflows\CleanWorkflows.yml
		..\..\.github\workflows\ConsoLovers.Ipc.yml = ..\..\.github\workflows\ConsoLovers.Ipc.yml
		..\Directory.Build.props = ..\Directory.Build.props
		..\Directory.Build.targets = ..\Directory.Build.targets
		..\..\README.md = ..\..\README.md
	EndProjectSection
EndProject
Project("{9A19103F-16F7-4668-BE54-9A1E7A4F7556}") = "ConsoLovers.Ipc.Client", "..\ConsoLovers.Ipc.Client\ConsoLovers.Ipc.Client.csproj", "{021433DC-9104-4932-89F4-DE37BB0AB59E}"
EndProject
Project("{9A19103F-16F7-4668-BE54-9A1E7A4F7556}") = "ConsoLovers.Ipc.Server", "..\ConsoLovers.Ipc.Server\ConsoLovers.Ipc.Server.csproj", "{5824A340-B3C9-42A4-AEF1-757106FE6A12}"
EndProject
Project("{9A19103F-16F7-4668-BE54-9A1E7A4F7556}") = "ConsoLovers.Ipc.ProcessMonitoring.Client", "..\ConsoLovers.Ipc.ProcessMonitoring.Client\ConsoLovers.Ipc.ProcessMonitoring.Client.csproj", "{25C6CFCA-23CE-4A22-9398-FC5D32917D48}"
EndProject
Project("{9A19103F-16F7-4668-BE54-9A1E7A4F7556}") = "ConsoLovers.Ipc.ProcessMonitoring.Server", "..\ConsoLovers.Ipc.ProcessMonitoring.Server\ConsoLovers.Ipc.ProcessMonitoring.Server.csproj", "{8E6B5510-AC53-44E1-996C-59FE7D1A5A8C}"
EndProject
Project("{2150E333-8FDC-42A3-9474-1A3956D46DE8}") = "Examples", "Examples", "{706A1372-2B78-4E86-8CD7-A1BC7CF76B84}"
	ProjectSection(SolutionItems) = preProject
		..\Client\Program.cs = ..\Client\Program.cs
	EndProjectSection
EndProject
Project("{2150E333-8FDC-42A3-9474-1A3956D46DE8}") = "Tests", "Tests", "{7A986E39-821E-49B3-AB03-C51BF0B94719}"
EndProject
Project("{9A19103F-16F7-4668-BE54-9A1E7A4F7556}") = "ConsoLovers.Ipc.ProcessMonitoring.Client.UnitTests", "..\ConsoLovers.Ipc.ProcessMonitoring.Client.UnitTests\ConsoLovers.Ipc.ProcessMonitoring.Client.UnitTests.csproj", "{4796D734-7D78-4214-BCEA-7B86402430AD}"
EndProject
Project("{9A19103F-16F7-4668-BE54-9A1E7A4F7556}") = "ConsoLovers.Ipc.ProcessMonitoring.Server.UnitTests", "..\ConsoLovers.Ipc.ProcessMonitoring.Server.UnitTests\ConsoLovers.Ipc.ProcessMonitoring.Server.UnitTests.csproj", "{4823265C-4780-4ACD-8F80-E08304A21177}"
EndProject
Global
	GlobalSection(SolutionConfigurationPlatforms) = preSolution
		Debug|Any CPU = Debug|Any CPU
		Release|Any CPU = Release|Any CPU
	EndGlobalSection
	GlobalSection(ProjectConfigurationPlatforms) = postSolution
		{458E2DC2-F48F-40E3-9096-55FE974D3B1F}.Debug|Any CPU.ActiveCfg = Debug|Any CPU
		{458E2DC2-F48F-40E3-9096-55FE974D3B1F}.Debug|Any CPU.Build.0 = Debug|Any CPU
		{458E2DC2-F48F-40E3-9096-55FE974D3B1F}.Release|Any CPU.ActiveCfg = Release|Any CPU
		{458E2DC2-F48F-40E3-9096-55FE974D3B1F}.Release|Any CPU.Build.0 = Release|Any CPU
		{03436778-753E-44AF-B0ED-D498C8CA86FE}.Debug|Any CPU.ActiveCfg = Debug|Any CPU
		{03436778-753E-44AF-B0ED-D498C8CA86FE}.Debug|Any CPU.Build.0 = Debug|Any CPU
		{03436778-753E-44AF-B0ED-D498C8CA86FE}.Release|Any CPU.ActiveCfg = Release|Any CPU
		{03436778-753E-44AF-B0ED-D498C8CA86FE}.Release|Any CPU.Build.0 = Release|Any CPU
		{021433DC-9104-4932-89F4-DE37BB0AB59E}.Debug|Any CPU.ActiveCfg = Debug|Any CPU
		{021433DC-9104-4932-89F4-DE37BB0AB59E}.Debug|Any CPU.Build.0 = Debug|Any CPU
		{021433DC-9104-4932-89F4-DE37BB0AB59E}.Release|Any CPU.ActiveCfg = Release|Any CPU
		{021433DC-9104-4932-89F4-DE37BB0AB59E}.Release|Any CPU.Build.0 = Release|Any CPU
		{5824A340-B3C9-42A4-AEF1-757106FE6A12}.Debug|Any CPU.ActiveCfg = Debug|Any CPU
		{5824A340-B3C9-42A4-AEF1-757106FE6A12}.Debug|Any CPU.Build.0 = Debug|Any CPU
		{5824A340-B3C9-42A4-AEF1-757106FE6A12}.Release|Any CPU.ActiveCfg = Release|Any CPU
		{5824A340-B3C9-42A4-AEF1-757106FE6A12}.Release|Any CPU.Build.0 = Release|Any CPU
		{25C6CFCA-23CE-4A22-9398-FC5D32917D48}.Debug|Any CPU.ActiveCfg = Debug|Any CPU
		{25C6CFCA-23CE-4A22-9398-FC5D32917D48}.Debug|Any CPU.Build.0 = Debug|Any CPU
		{25C6CFCA-23CE-4A22-9398-FC5D32917D48}.Release|Any CPU.ActiveCfg = Release|Any CPU
		{25C6CFCA-23CE-4A22-9398-FC5D32917D48}.Release|Any CPU.Build.0 = Release|Any CPU
		{8E6B5510-AC53-44E1-996C-59FE7D1A5A8C}.Debug|Any CPU.ActiveCfg = Debug|Any CPU
		{8E6B5510-AC53-44E1-996C-59FE7D1A5A8C}.Debug|Any CPU.Build.0 = Debug|Any CPU
		{8E6B5510-AC53-44E1-996C-59FE7D1A5A8C}.Release|Any CPU.ActiveCfg = Release|Any CPU
		{8E6B5510-AC53-44E1-996C-59FE7D1A5A8C}.Release|Any CPU.Build.0 = Release|Any CPU
		{4796D734-7D78-4214-BCEA-7B86402430AD}.Debug|Any CPU.ActiveCfg = Debug|Any CPU
		{4796D734-7D78-4214-BCEA-7B86402430AD}.Debug|Any CPU.Build.0 = Debug|Any CPU
		{4796D734-7D78-4214-BCEA-7B86402430AD}.Release|Any CPU.ActiveCfg = Release|Any CPU
		{4796D734-7D78-4214-BCEA-7B86402430AD}.Release|Any CPU.Build.0 = Release|Any CPU
		{4823265C-4780-4ACD-8F80-E08304A21177}.Debug|Any CPU.ActiveCfg = Debug|Any CPU
		{4823265C-4780-4ACD-8F80-E08304A21177}.Debug|Any CPU.Build.0 = Debug|Any CPU
		{4823265C-4780-4ACD-8F80-E08304A21177}.Release|Any CPU.ActiveCfg = Release|Any CPU
		{4823265C-4780-4ACD-8F80-E08304A21177}.Release|Any CPU.Build.0 = Release|Any CPU
	EndGlobalSection
	GlobalSection(SolutionProperties) = preSolution
		HideSolutionNode = FALSE
	EndGlobalSection
	GlobalSection(NestedProjects) = preSolution
		{458E2DC2-F48F-40E3-9096-55FE974D3B1F} = {706A1372-2B78-4E86-8CD7-A1BC7CF76B84}
		{03436778-753E-44AF-B0ED-D498C8CA86FE} = {706A1372-2B78-4E86-8CD7-A1BC7CF76B84}
		{4796D734-7D78-4214-BCEA-7B86402430AD} = {7A986E39-821E-49B3-AB03-C51BF0B94719}
		{4823265C-4780-4ACD-8F80-E08304A21177} = {7A986E39-821E-49B3-AB03-C51BF0B94719}
	EndGlobalSection
	GlobalSection(ExtensibilityGlobals) = postSolution
		SolutionGuid = {08AF8FBA-696A-4E00-BAFC-F1A170E7E5A6}
	EndGlobalSection
EndGlobal
